{
  "meteor": {},
  "dependencies": {
    "basePackages": {
      "iron-router": {},
      "jquery-rateit": {},
      "spin": {},
      "bootstrap-3": {},
      "accounts-ui-bootstrap-3": {},
      "accounts-admin-ui-bootstrap-3": {},
      "bootstrap-errors": {}
    },
    "packages": {
      "iron-router": {
        "git": "https://github.com/EventedMind/iron-router.git",
        "tag": "v0.6.2",
        "commit": "ce56e58b45624dce992490f3a1c10f10d3948bae"
      },
      "jquery-rateit": {
        "git": "https://github.com/dandv/meteor-jquery-rateit.git",
        "tag": "v1.0.9",
        "commit": "194607727589055e84cd4dfbb311d5a1bdadc6fe"
      },
      "spin": {
        "git": "https://github.com/SachaG/meteor-spin.git",
        "tag": "v0.2.2",
        "commit": "3f655f0016228e4195acc784c45d3e3a247dc39f"
      },
      "bootstrap-3": {
        "git": "https://github.com/mangasocial/meteor-bootstrap-3.git",
        "tag": "v3.1.0-1",
        "commit": "329dccb08bfc18c635676dea600ac9953162cda9"
      },
      "accounts-ui-bootstrap-3": {
        "git": "https://github.com/mangasocial/meteor-accounts-ui-bootstrap-3.git",
        "tag": "v0.2.4",
        "commit": "cdbd20eb065310c0cc302bbd5f22e5b2121c769a"
      },
      "accounts-admin-ui-bootstrap-3": {
        "git": "https://github.com/hharnisc/meteor-accounts-admin-ui-bootstrap-3.git",
        "tag": "v0.1.0",
        "commit": "be74ac01e530ed057b1b5a7ae1b5392a8d197845"
      },
      "bootstrap-errors": {
        "git": "https://github.com/lezed1/meteor-bootstrap-errors.git",
        "tag": "v0.3.1",
        "commit": "f85d792683a423bfb6747460d4516b7404871260"
      },
      "bootstrap-modal": {
        "git": "https://github.com/livingyang/meteor-bootstrap-modal.git",
        "tag": "v2.2.5",
        "commit": "8687f21b2ed5d41f038885c3733287b1001b13b5"
      },
      "roles": {
        "git": "https://github.com/alanning/meteor-roles.git",
        "tag": "v1.2.6",
        "commit": "f2a9058281f8f2fe028767841d7445aadd6893cf"
      }
    }
  }
}
